Microsoft Visual Studio Solution File, Format Version 12.00
# Visual Studio Version 17
VisualStudioVersion = 17.5.2.0
MinimumVisualStudioVersion = 10.0.40219.1
Project("{FAE04EC0-301F-11D3-BF4B-00C04F79EFBC}") = "5525.IOIOI_C#", "5525.IOIOI_C#.csproj", "{7F99ACF3-FE73-C6F3-B05E-67E37BB9A975}"
EndProject
Global
	GlobalSection(SolutionConfigurationPlatforms) = preSolution
		Debug|Any CPU = Debug|Any CPU
		Release|Any CPU = Release|Any CPU
	EndGlobalSection
	GlobalSection(ProjectConfigurationPlatforms) = postSolution
		{7F99ACF3-FE73-C6F3-B05E-67E37BB9A975}.Debug|Any CPU.ActiveCfg = Debug|Any CPU
		{7F99ACF3-FE73-C6F3-B05E-67E37BB9A975}.Debug|Any CPU.Build.0 = Debug|Any CPU
		{7F99ACF3-FE73-C6F3-B05E-67E37BB9A975}.Release|Any CPU.ActiveCfg = Release|Any CPU
		{7F99ACF3-FE73-C6F3-B05E-67E37BB9A975}.Release|Any CPU.Build.0 = Release|Any CPU
	EndGlobalSection
	GlobalSection(SolutionProperties) = preSolution
		HideSolutionNode = FALSE
	EndGlobalSection
	GlobalSection(ExtensibilityGlobals) = postSolution
		SolutionGuid = {E9466466-7C6F-4DAE-8394-FF8B815C80CD}
	EndGlobalSection
EndGlobal
