
Microsoft Visual Studio Solution File, Format Version 12.00
# Visual Studio Version 17
VisualStudioVersion = 17.5.2.0
MinimumVisualStudioVersion = 10.0.40219.1
Project("{FAE04EC0-301F-11D3-BF4B-00C04F79EFBC}") = "11279.최대_힙_C#", "11279.최대_힙_C#\11279.최대_힙_C#.csproj", "{F98675FB-8116-B0C5-6159-45A0B1D03885}"
EndProject
Global
	GlobalSection(SolutionConfigurationPlatforms) = preSolution
		Debug|Any CPU = Debug|Any CPU
		Release|Any CPU = Release|Any CPU
	EndGlobalSection
	GlobalSection(ProjectConfigurationPlatforms) = postSolution
		{F98675FB-8116-B0C5-6159-45A0B1D03885}.Debug|Any CPU.ActiveCfg = Debug|Any CPU
		{F98675FB-8116-B0C5-6159-45A0B1D03885}.Debug|Any CPU.Build.0 = Debug|Any CPU
		{F98675FB-8116-B0C5-6159-45A0B1D03885}.Release|Any CPU.ActiveCfg = Release|Any CPU
		{F98675FB-8116-B0C5-6159-45A0B1D03885}.Release|Any CPU.Build.0 = Release|Any CPU
	EndGlobalSection
	GlobalSection(SolutionProperties) = preSolution
		HideSolutionNode = FALSE
	EndGlobalSection
	GlobalSection(ExtensibilityGlobals) = postSolution
		SolutionGuid = {2DF9E911-B978-4BC8-A76F-7FF95B0E0C30}
	EndGlobalSection
EndGlobal
