
Microsoft Visual Studio Solution File, Format Version 12.00
# Visual Studio Version 17
VisualStudioVersion = 17.5.2.0
MinimumVisualStudioVersion = 10.0.40219.1
Project("{FAE04EC0-301F-11D3-BF4B-00C04F79EFBC}") = "7662.이중_우선순위_큐_C#", "7662.이중_우선순위_큐_C#.csproj", "{B9C8E8E6-81B6-884F-78B8-223372354683}"
EndProject
Global
	GlobalSection(SolutionConfigurationPlatforms) = preSolution
		Debug|Any CPU = Debug|Any CPU
		Release|Any CPU = Release|Any CPU
	EndGlobalSection
	GlobalSection(ProjectConfigurationPlatforms) = postSolution
		{B9C8E8E6-81B6-884F-78B8-223372354683}.Debug|Any CPU.ActiveCfg = Debug|Any CPU
		{B9C8E8E6-81B6-884F-78B8-223372354683}.Debug|Any CPU.Build.0 = Debug|Any CPU
		{B9C8E8E6-81B6-884F-78B8-223372354683}.Release|Any CPU.ActiveCfg = Release|Any CPU
		{B9C8E8E6-81B6-884F-78B8-223372354683}.Release|Any CPU.Build.0 = Release|Any CPU
	EndGlobalSection
	GlobalSection(SolutionProperties) = preSolution
		HideSolutionNode = FALSE
	EndGlobalSection
	GlobalSection(ExtensibilityGlobals) = postSolution
		SolutionGuid = {44686D52-FE6A-4D1B-B3CF-5033173E1F11}
	EndGlobalSection
EndGlobal
