
Microsoft Visual Studio Solution File, Format Version 12.00
# Visual Studio Version 17
VisualStudioVersion = 17.5.2.0
MinimumVisualStudioVersion = 10.0.40219.1
Project("{FAE04EC0-301F-11D3-BF4B-00C04F79EFBC}") = "1654.랜선_자르기_C#", "1654.랜선_자르기_C#\1654.랜선_자르기_C#.csproj", "{DC45FC14-9727-1044-2062-1C5622715847}"
EndProject
Global
	GlobalSection(SolutionConfigurationPlatforms) = preSolution
		Debug|Any CPU = Debug|Any CPU
		Release|Any CPU = Release|Any CPU
	EndGlobalSection
	GlobalSection(ProjectConfigurationPlatforms) = postSolution
		{DC45FC14-9727-1044-2062-1C5622715847}.Debug|Any CPU.ActiveCfg = Debug|Any CPU
		{DC45FC14-9727-1044-2062-1C5622715847}.Debug|Any CPU.Build.0 = Debug|Any CPU
		{DC45FC14-9727-1044-2062-1C5622715847}.Release|Any CPU.ActiveCfg = Release|Any CPU
		{DC45FC14-9727-1044-2062-1C5622715847}.Release|Any CPU.Build.0 = Release|Any CPU
	EndGlobalSection
	GlobalSection(SolutionProperties) = preSolution
		HideSolutionNode = FALSE
	EndGlobalSection
	GlobalSection(ExtensibilityGlobals) = postSolution
		SolutionGuid = {16DBEDDD-269C-4BF4-8945-57C808B18B8A}
	EndGlobalSection
EndGlobal
