
Microsoft Visual Studio Solution File, Format Version 12.00
# Visual Studio Version 17
VisualStudioVersion = 17.5.2.0
MinimumVisualStudioVersion = 10.0.40219.1
Project("{FAE04EC0-301F-11D3-BF4B-00C04F79EFBC}") = "2869.달팽이는_올라가고_싶다_C#", "2869.달팽이는_올라가고_싶다_C#\2869.달팽이는_올라가고_싶다_C#.csproj", "{C939CC56-26DB-33F9-D3A4-90E59CF05CAE}"
EndProject
Global
	GlobalSection(SolutionConfigurationPlatforms) = preSolution
		Debug|Any CPU = Debug|Any CPU
		Release|Any CPU = Release|Any CPU
	EndGlobalSection
	GlobalSection(ProjectConfigurationPlatforms) = postSolution
		{C939CC56-26DB-33F9-D3A4-90E59CF05CAE}.Debug|Any CPU.ActiveCfg = Debug|Any CPU
		{C939CC56-26DB-33F9-D3A4-90E59CF05CAE}.Debug|Any CPU.Build.0 = Debug|Any CPU
		{C939CC56-26DB-33F9-D3A4-90E59CF05CAE}.Release|Any CPU.ActiveCfg = Release|Any CPU
		{C939CC56-26DB-33F9-D3A4-90E59CF05CAE}.Release|Any CPU.Build.0 = Release|Any CPU
	EndGlobalSection
	GlobalSection(SolutionProperties) = preSolution
		HideSolutionNode = FALSE
	EndGlobalSection
	GlobalSection(ExtensibilityGlobals) = postSolution
		SolutionGuid = {703B9688-D8FF-4359-B7EE-70DFDA40643D}
	EndGlobalSection
EndGlobal
