
Microsoft Visual Studio Solution File, Format Version 12.00
# Visual Studio Version 17
VisualStudioVersion = 17.5.2.0
MinimumVisualStudioVersion = 10.0.40219.1
Project("{FAE04EC0-301F-11D3-BF4B-00C04F79EFBC}") = "10816.숫자_카드_2_C#", "10816.숫자_카드_2_C#\10816.숫자_카드_2_C#.csproj", "{FCC8C529-CBA2-948D-4C15-C919936E08F3}"
EndProject
Global
	GlobalSection(SolutionConfigurationPlatforms) = preSolution
		Debug|Any CPU = Debug|Any CPU
		Release|Any CPU = Release|Any CPU
	EndGlobalSection
	GlobalSection(ProjectConfigurationPlatforms) = postSolution
		{FCC8C529-CBA2-948D-4C15-C919936E08F3}.Debug|Any CPU.ActiveCfg = Debug|Any CPU
		{FCC8C529-CBA2-948D-4C15-C919936E08F3}.Debug|Any CPU.Build.0 = Debug|Any CPU
		{FCC8C529-CBA2-948D-4C15-C919936E08F3}.Release|Any CPU.ActiveCfg = Release|Any CPU
		{FCC8C529-CBA2-948D-4C15-C919936E08F3}.Release|Any CPU.Build.0 = Release|Any CPU
	EndGlobalSection
	GlobalSection(SolutionProperties) = preSolution
		HideSolutionNode = FALSE
	EndGlobalSection
	GlobalSection(ExtensibilityGlobals) = postSolution
		SolutionGuid = {CDC489B5-D4BA-47FD-B11C-064550E0825A}
	EndGlobalSection
EndGlobal
