
Microsoft Visual Studio Solution File, Format Version 12.00
# Visual Studio Version 17
VisualStudioVersion = 17.5.2.0
MinimumVisualStudioVersion = 10.0.40219.1
Project("{FAE04EC0-301F-11D3-BF4B-00C04F79EFBC}") = "10250.ACM_호텔_C#", "10250.ACM_호텔_C#\10250.ACM_호텔_C#.csproj", "{0713B4D0-285F-B64B-BA28-3F5AC4BA31DF}"
EndProject
Global
	GlobalSection(SolutionConfigurationPlatforms) = preSolution
		Debug|Any CPU = Debug|Any CPU
		Release|Any CPU = Release|Any CPU
	EndGlobalSection
	GlobalSection(ProjectConfigurationPlatforms) = postSolution
		{0713B4D0-285F-B64B-BA28-3F5AC4BA31DF}.Debug|Any CPU.ActiveCfg = Debug|Any CPU
		{0713B4D0-285F-B64B-BA28-3F5AC4BA31DF}.Debug|Any CPU.Build.0 = Debug|Any CPU
		{0713B4D0-285F-B64B-BA28-3F5AC4BA31DF}.Release|Any CPU.ActiveCfg = Release|Any CPU
		{0713B4D0-285F-B64B-BA28-3F5AC4BA31DF}.Release|Any CPU.Build.0 = Release|Any CPU
	EndGlobalSection
	GlobalSection(SolutionProperties) = preSolution
		HideSolutionNode = FALSE
	EndGlobalSection
	GlobalSection(ExtensibilityGlobals) = postSolution
		SolutionGuid = {5FB1D68C-E96D-47D3-B729-CFFD43A9FAF7}
	EndGlobalSection
EndGlobal
