
Microsoft Visual Studio Solution File, Format Version 12.00
# Visual Studio Version 17
VisualStudioVersion = 17.5.2.0
MinimumVisualStudioVersion = 10.0.40219.1
Project("{FAE04EC0-301F-11D3-BF4B-00C04F79EFBC}") = "4153.직각삼각형_C#", "4153.직각삼각형_C#\4153.직각삼각형_C#.csproj", "{AB8BD270-FA01-867A-1C0A-B8A75970E262}"
EndProject
Global
	GlobalSection(SolutionConfigurationPlatforms) = preSolution
		Debug|Any CPU = Debug|Any CPU
		Release|Any CPU = Release|Any CPU
	EndGlobalSection
	GlobalSection(ProjectConfigurationPlatforms) = postSolution
		{AB8BD270-FA01-867A-1C0A-B8A75970E262}.Debug|Any CPU.ActiveCfg = Debug|Any CPU
		{AB8BD270-FA01-867A-1C0A-B8A75970E262}.Debug|Any CPU.Build.0 = Debug|Any CPU
		{AB8BD270-FA01-867A-1C0A-B8A75970E262}.Release|Any CPU.ActiveCfg = Release|Any CPU
		{AB8BD270-FA01-867A-1C0A-B8A75970E262}.Release|Any CPU.Build.0 = Release|Any CPU
	EndGlobalSection
	GlobalSection(SolutionProperties) = preSolution
		HideSolutionNode = FALSE
	EndGlobalSection
	GlobalSection(ExtensibilityGlobals) = postSolution
		SolutionGuid = {61785A77-6ECD-42FF-94BE-CACA59D34CB4}
	EndGlobalSection
EndGlobal
