
Microsoft Visual Studio Solution File, Format Version 12.00
# Visual Studio Version 17
VisualStudioVersion = 17.5.2.0
MinimumVisualStudioVersion = 10.0.40219.1
Project("{FAE04EC0-301F-11D3-BF4B-00C04F79EFBC}") = "2108.통계학_C#", "2108.통계학_C#\2108.통계학_C#.csproj", "{CABE2534-EAB6-00A6-CACC-59D6205DD45B}"
EndProject
Global
	GlobalSection(SolutionConfigurationPlatforms) = preSolution
		Debug|Any CPU = Debug|Any CPU
		Release|Any CPU = Release|Any CPU
	EndGlobalSection
	GlobalSection(ProjectConfigurationPlatforms) = postSolution
		{CABE2534-EAB6-00A6-CACC-59D6205DD45B}.Debug|Any CPU.ActiveCfg = Debug|Any CPU
		{CABE2534-EAB6-00A6-CACC-59D6205DD45B}.Debug|Any CPU.Build.0 = Debug|Any CPU
		{CABE2534-EAB6-00A6-CACC-59D6205DD45B}.Release|Any CPU.ActiveCfg = Release|Any CPU
		{CABE2534-EAB6-00A6-CACC-59D6205DD45B}.Release|Any CPU.Build.0 = Release|Any CPU
	EndGlobalSection
	GlobalSection(SolutionProperties) = preSolution
		HideSolutionNode = FALSE
	EndGlobalSection
	GlobalSection(ExtensibilityGlobals) = postSolution
		SolutionGuid = {65FD118C-B4DC-402F-970A-A64966BB2ABF}
	EndGlobalSection
EndGlobal
