
Microsoft Visual Studio Solution File, Format Version 12.00
# Visual Studio Version 17
VisualStudioVersion = 17.5.2.0
MinimumVisualStudioVersion = 10.0.40219.1
Project("{FAE04EC0-301F-11D3-BF4B-00C04F79EFBC}") = "1697.숨바꼭질_C#", "1697.숨바꼭질_C#.csproj", "{D4ADD105-0AA3-4C74-E9B2-8A1CB9A4C30C}"
EndProject
Global
	GlobalSection(SolutionConfigurationPlatforms) = preSolution
		Debug|Any CPU = Debug|Any CPU
		Release|Any CPU = Release|Any CPU
	EndGlobalSection
	GlobalSection(ProjectConfigurationPlatforms) = postSolution
		{D4ADD105-0AA3-4C74-E9B2-8A1CB9A4C30C}.Debug|Any CPU.ActiveCfg = Debug|Any CPU
		{D4ADD105-0AA3-4C74-E9B2-8A1CB9A4C30C}.Debug|Any CPU.Build.0 = Debug|Any CPU
		{D4ADD105-0AA3-4C74-E9B2-8A1CB9A4C30C}.Release|Any CPU.ActiveCfg = Release|Any CPU
		{D4ADD105-0AA3-4C74-E9B2-8A1CB9A4C30C}.Release|Any CPU.Build.0 = Release|Any CPU
	EndGlobalSection
	GlobalSection(SolutionProperties) = preSolution
		HideSolutionNode = FALSE
	EndGlobalSection
	GlobalSection(ExtensibilityGlobals) = postSolution
		SolutionGuid = {49C9B0F8-F43D-4C3C-BE5A-82E4267BA354}
	EndGlobalSection
EndGlobal
