Microsoft Visual Studio Solution File, Format Version 12.00
# Visual Studio Version 17
VisualStudioVersion = 17.5.2.0
MinimumVisualStudioVersion = 10.0.40219.1
Project("{FAE04EC0-301F-11D3-BF4B-00C04F79EFBC}") = "1074.Z_C#", "1074.Z_C#.csproj", "{507C809F-017D-F076-913D-FEE0D0E44FC0}"
EndProject
Global
	GlobalSection(SolutionConfigurationPlatforms) = preSolution
		Debug|Any CPU = Debug|Any CPU
		Release|Any CPU = Release|Any CPU
	EndGlobalSection
	GlobalSection(ProjectConfigurationPlatforms) = postSolution
		{507C809F-017D-F076-913D-FEE0D0E44FC0}.Debug|Any CPU.ActiveCfg = Debug|Any CPU
		{507C809F-017D-F076-913D-FEE0D0E44FC0}.Debug|Any CPU.Build.0 = Debug|Any CPU
		{507C809F-017D-F076-913D-FEE0D0E44FC0}.Release|Any CPU.ActiveCfg = Release|Any CPU
		{507C809F-017D-F076-913D-FEE0D0E44FC0}.Release|Any CPU.Build.0 = Release|Any CPU
	EndGlobalSection
	GlobalSection(SolutionProperties) = preSolution
		HideSolutionNode = FALSE
	EndGlobalSection
	GlobalSection(ExtensibilityGlobals) = postSolution
		SolutionGuid = {B5688DE3-064A-47D9-8421-EDE225C09270}
	EndGlobalSection
EndGlobal
