
Microsoft Visual Studio Solution File, Format Version 12.00
# Visual Studio Version 17
VisualStudioVersion = 17.5.2.0
MinimumVisualStudioVersion = 10.0.40219.1
Project("{FAE04EC0-301F-11D3-BF4B-00C04F79EFBC}") = "1929.소수_구하기_C#", "1929.소수_구하기_C#\1929.소수_구하기_C#.csproj", "{584DF198-D8F2-879A-70A6-15556A33D676}"
EndProject
Global
	GlobalSection(SolutionConfigurationPlatforms) = preSolution
		Debug|Any CPU = Debug|Any CPU
		Release|Any CPU = Release|Any CPU
	EndGlobalSection
	GlobalSection(ProjectConfigurationPlatforms) = postSolution
		{584DF198-D8F2-879A-70A6-15556A33D676}.Debug|Any CPU.ActiveCfg = Debug|Any CPU
		{584DF198-D8F2-879A-70A6-15556A33D676}.Debug|Any CPU.Build.0 = Debug|Any CPU
		{584DF198-D8F2-879A-70A6-15556A33D676}.Release|Any CPU.ActiveCfg = Release|Any CPU
		{584DF198-D8F2-879A-70A6-15556A33D676}.Release|Any CPU.Build.0 = Release|Any CPU
	EndGlobalSection
	GlobalSection(SolutionProperties) = preSolution
		HideSolutionNode = FALSE
	EndGlobalSection
	GlobalSection(ExtensibilityGlobals) = postSolution
		SolutionGuid = {D2035A81-B70B-4100-AFFF-BD08F07CD9F7}
	EndGlobalSection
EndGlobal
