
Microsoft Visual Studio Solution File, Format Version 12.00
# Visual Studio Version 17
VisualStudioVersion = 17.5.2.0
MinimumVisualStudioVersion = 10.0.40219.1
Project("{FAE04EC0-301F-11D3-BF4B-00C04F79EFBC}") = "7569.토마토_C#", "7569.토마토_C#.csproj", "{32E642CE-BD96-48AE-BF50-B33E4C4F14E2}"
EndProject
Global
	GlobalSection(SolutionConfigurationPlatforms) = preSolution
		Debug|Any CPU = Debug|Any CPU
		Release|Any CPU = Release|Any CPU
	EndGlobalSection
	GlobalSection(ProjectConfigurationPlatforms) = postSolution
		{32E642CE-BD96-48AE-BF50-B33E4C4F14E2}.Debug|Any CPU.ActiveCfg = Debug|Any CPU
		{32E642CE-BD96-48AE-BF50-B33E4C4F14E2}.Debug|Any CPU.Build.0 = Debug|Any CPU
		{32E642CE-BD96-48AE-BF50-B33E4C4F14E2}.Release|Any CPU.ActiveCfg = Release|Any CPU
		{32E642CE-BD96-48AE-BF50-B33E4C4F14E2}.Release|Any CPU.Build.0 = Release|Any CPU
	EndGlobalSection
	GlobalSection(SolutionProperties) = preSolution
		HideSolutionNode = FALSE
	EndGlobalSection
	GlobalSection(ExtensibilityGlobals) = postSolution
		SolutionGuid = {8C5674A2-0F39-4DC9-A808-9540D3172924}
	EndGlobalSection
EndGlobal
