
Microsoft Visual Studio Solution File, Format Version 12.00
# Visual Studio Version 17
VisualStudioVersion = 17.5.2.0
MinimumVisualStudioVersion = 10.0.40219.1
Project("{FAE04EC0-301F-11D3-BF4B-00C04F79EFBC}") = "2839.설탕_배달_C#", "2839.설탕_배달_C#\2839.설탕_배달_C#.csproj", "{03C1257E-7965-AA37-F414-5E31EF976F6C}"
EndProject
Global
	GlobalSection(SolutionConfigurationPlatforms) = preSolution
		Debug|Any CPU = Debug|Any CPU
		Release|Any CPU = Release|Any CPU
	EndGlobalSection
	GlobalSection(ProjectConfigurationPlatforms) = postSolution
		{03C1257E-7965-AA37-F414-5E31EF976F6C}.Debug|Any CPU.ActiveCfg = Debug|Any CPU
		{03C1257E-7965-AA37-F414-5E31EF976F6C}.Debug|Any CPU.Build.0 = Debug|Any CPU
		{03C1257E-7965-AA37-F414-5E31EF976F6C}.Release|Any CPU.ActiveCfg = Release|Any CPU
		{03C1257E-7965-AA37-F414-5E31EF976F6C}.Release|Any CPU.Build.0 = Release|Any CPU
	EndGlobalSection
	GlobalSection(SolutionProperties) = preSolution
		HideSolutionNode = FALSE
	EndGlobalSection
	GlobalSection(ExtensibilityGlobals) = postSolution
		SolutionGuid = {D5124A2B-9622-4438-B076-D59301286256}
	EndGlobalSection
EndGlobal
