
Microsoft Visual Studio Solution File, Format Version 12.00
# Visual Studio Version 17
VisualStudioVersion = 17.5.2.0
MinimumVisualStudioVersion = 10.0.40219.1
Project("{FAE04EC0-301F-11D3-BF4B-00C04F79EFBC}") = "2751.수_정렬하기_2_C#", "2751.수_정렬하기_2_C#\2751.수_정렬하기_2_C#.csproj", "{BA064CAC-6F63-92DE-00A3-1AEE11AEAC96}"
EndProject
Global
	GlobalSection(SolutionConfigurationPlatforms) = preSolution
		Debug|Any CPU = Debug|Any CPU
		Release|Any CPU = Release|Any CPU
	EndGlobalSection
	GlobalSection(ProjectConfigurationPlatforms) = postSolution
		{BA064CAC-6F63-92DE-00A3-1AEE11AEAC96}.Debug|Any CPU.ActiveCfg = Debug|Any CPU
		{BA064CAC-6F63-92DE-00A3-1AEE11AEAC96}.Debug|Any CPU.Build.0 = Debug|Any CPU
		{BA064CAC-6F63-92DE-00A3-1AEE11AEAC96}.Release|Any CPU.ActiveCfg = Release|Any CPU
		{BA064CAC-6F63-92DE-00A3-1AEE11AEAC96}.Release|Any CPU.Build.0 = Release|Any CPU
	EndGlobalSection
	GlobalSection(SolutionProperties) = preSolution
		HideSolutionNode = FALSE
	EndGlobalSection
	GlobalSection(ExtensibilityGlobals) = postSolution
		SolutionGuid = {5E05058F-CC59-4B0C-BB8B-D9F60E6EECE7}
	EndGlobalSection
EndGlobal
