Microsoft Visual Studio Solution File, Format Version 12.00
# Visual Studio Version 17
VisualStudioVersion = 17.5.2.0
MinimumVisualStudioVersion = 10.0.40219.1
Project("{FAE04EC0-301F-11D3-BF4B-00C04F79EFBC}") = "15829.Hashing_C#", "15829.Hashing_C#\15829.Hashing_C#.csproj", "{F41F3A74-1F73-8899-5ED2-21A1AA929E05}"
EndProject
Global
	GlobalSection(SolutionConfigurationPlatforms) = preSolution
		Debug|Any CPU = Debug|Any CPU
		Release|Any CPU = Release|Any CPU
	EndGlobalSection
	GlobalSection(ProjectConfigurationPlatforms) = postSolution
		{F41F3A74-1F73-8899-5ED2-21A1AA929E05}.Debug|Any CPU.ActiveCfg = Debug|Any CPU
		{F41F3A74-1F73-8899-5ED2-21A1AA929E05}.Debug|Any CPU.Build.0 = Debug|Any CPU
		{F41F3A74-1F73-8899-5ED2-21A1AA929E05}.Release|Any CPU.ActiveCfg = Release|Any CPU
		{F41F3A74-1F73-8899-5ED2-21A1AA929E05}.Release|Any CPU.Build.0 = Release|Any CPU
	EndGlobalSection
	GlobalSection(SolutionProperties) = preSolution
		HideSolutionNode = FALSE
	EndGlobalSection
	GlobalSection(ExtensibilityGlobals) = postSolution
		SolutionGuid = {4A0A5214-13AE-4302-BBCC-9E9F2145DF2A}
	EndGlobalSection
EndGlobal
