
Microsoft Visual Studio Solution File, Format Version 12.00
# Visual Studio Version 17
VisualStudioVersion = 17.5.2.0
MinimumVisualStudioVersion = 10.0.40219.1
Project("{FAE04EC0-301F-11D3-BF4B-00C04F79EFBC}") = "2805.나무_자르기_C#", "2805.나무_자르기_C#\2805.나무_자르기_C#.csproj", "{2D82458B-C6A0-6D30-9122-9885119317FF}"
EndProject
Global
	GlobalSection(SolutionConfigurationPlatforms) = preSolution
		Debug|Any CPU = Debug|Any CPU
		Release|Any CPU = Release|Any CPU
	EndGlobalSection
	GlobalSection(ProjectConfigurationPlatforms) = postSolution
		{2D82458B-C6A0-6D30-9122-9885119317FF}.Debug|Any CPU.ActiveCfg = Debug|Any CPU
		{2D82458B-C6A0-6D30-9122-9885119317FF}.Debug|Any CPU.Build.0 = Debug|Any CPU
		{2D82458B-C6A0-6D30-9122-9885119317FF}.Release|Any CPU.ActiveCfg = Release|Any CPU
		{2D82458B-C6A0-6D30-9122-9885119317FF}.Release|Any CPU.Build.0 = Release|Any CPU
	EndGlobalSection
	GlobalSection(SolutionProperties) = preSolution
		HideSolutionNode = FALSE
	EndGlobalSection
	GlobalSection(ExtensibilityGlobals) = postSolution
		SolutionGuid = {F01994CD-5258-478D-A505-53A0C36E6BE2}
	EndGlobalSection
EndGlobal
