
Microsoft Visual Studio Solution File, Format Version 12.00
# Visual Studio Version 17
VisualStudioVersion = 17.5.2.0
MinimumVisualStudioVersion = 10.0.40219.1
Project("{FAE04EC0-301F-11D3-BF4B-00C04F79EFBC}") = "8958.OX퀴즈_C#", "8958.OX퀴즈_C#\8958.OX퀴즈_C#.csproj", "{56178874-17AF-3D90-01D8-CFA4829D16DC}"
EndProject
Global
	GlobalSection(SolutionConfigurationPlatforms) = preSolution
		Debug|Any CPU = Debug|Any CPU
		Release|Any CPU = Release|Any CPU
	EndGlobalSection
	GlobalSection(ProjectConfigurationPlatforms) = postSolution
		{56178874-17AF-3D90-01D8-CFA4829D16DC}.Debug|Any CPU.ActiveCfg = Debug|Any CPU
		{56178874-17AF-3D90-01D8-CFA4829D16DC}.Debug|Any CPU.Build.0 = Debug|Any CPU
		{56178874-17AF-3D90-01D8-CFA4829D16DC}.Release|Any CPU.ActiveCfg = Release|Any CPU
		{56178874-17AF-3D90-01D8-CFA4829D16DC}.Release|Any CPU.Build.0 = Release|Any CPU
	EndGlobalSection
	GlobalSection(SolutionProperties) = preSolution
		HideSolutionNode = FALSE
	EndGlobalSection
	GlobalSection(ExtensibilityGlobals) = postSolution
		SolutionGuid = {5F33A47A-A1BB-4F51-9B73-967A1C668C62}
	EndGlobalSection
EndGlobal
