
Microsoft Visual Studio Solution File, Format Version 12.00
# Visual Studio Version 17
VisualStudioVersion = 17.5.2.0
MinimumVisualStudioVersion = 10.0.40219.1
Project("{FAE04EC0-301F-11D3-BF4B-00C04F79EFBC}") = "25083.새싹_C#", "25083.새싹_C#\25083.새싹_C#.csproj", "{72118204-3C9E-E5D9-2D3C-1E901EE2A510}"
EndProject
Global
	GlobalSection(SolutionConfigurationPlatforms) = preSolution
		Debug|Any CPU = Debug|Any CPU
		Release|Any CPU = Release|Any CPU
	EndGlobalSection
	GlobalSection(ProjectConfigurationPlatforms) = postSolution
		{72118204-3C9E-E5D9-2D3C-1E901EE2A510}.Debug|Any CPU.ActiveCfg = Debug|Any CPU
		{72118204-3C9E-E5D9-2D3C-1E901EE2A510}.Debug|Any CPU.Build.0 = Debug|Any CPU
		{72118204-3C9E-E5D9-2D3C-1E901EE2A510}.Release|Any CPU.ActiveCfg = Release|Any CPU
		{72118204-3C9E-E5D9-2D3C-1E901EE2A510}.Release|Any CPU.Build.0 = Release|Any CPU
	EndGlobalSection
	GlobalSection(SolutionProperties) = preSolution
		HideSolutionNode = FALSE
	EndGlobalSection
	GlobalSection(ExtensibilityGlobals) = postSolution
		SolutionGuid = {3F327B5D-5445-4045-9757-B7E41FB18022}
	EndGlobalSection
EndGlobal
