
Microsoft Visual Studio Solution File, Format Version 12.00
# Visual Studio Version 17
VisualStudioVersion = 17.5.2.0
MinimumVisualStudioVersion = 10.0.40219.1
Project("{FAE04EC0-301F-11D3-BF4B-00C04F79EFBC}") = "1764.듣보잡_C#", "1764.듣보잡_C#\1764.듣보잡_C#.csproj", "{9F37536C-9F20-04D7-7B26-4CDFE1622AC1}"
EndProject
Global
	GlobalSection(SolutionConfigurationPlatforms) = preSolution
		Debug|Any CPU = Debug|Any CPU
		Release|Any CPU = Release|Any CPU
	EndGlobalSection
	GlobalSection(ProjectConfigurationPlatforms) = postSolution
		{9F37536C-9F20-04D7-7B26-4CDFE1622AC1}.Debug|Any CPU.ActiveCfg = Debug|Any CPU
		{9F37536C-9F20-04D7-7B26-4CDFE1622AC1}.Debug|Any CPU.Build.0 = Debug|Any CPU
		{9F37536C-9F20-04D7-7B26-4CDFE1622AC1}.Release|Any CPU.ActiveCfg = Release|Any CPU
		{9F37536C-9F20-04D7-7B26-4CDFE1622AC1}.Release|Any CPU.Build.0 = Release|Any CPU
	EndGlobalSection
	GlobalSection(SolutionProperties) = preSolution
		HideSolutionNode = FALSE
	EndGlobalSection
	GlobalSection(ExtensibilityGlobals) = postSolution
		SolutionGuid = {F54AD50F-9FC8-45C2-99FC-269611B24666}
	EndGlobalSection
EndGlobal
