
Microsoft Visual Studio Solution File, Format Version 12.00
# Visual Studio Version 17
VisualStudioVersion = 17.5.2.0
MinimumVisualStudioVersion = 10.0.40219.1
Project("{FAE04EC0-301F-11D3-BF4B-00C04F79EFBC}") = "18870.좌표_압축_C#", "18870.좌표_압축_C#.csproj", "{78EB42CC-0691-EED1-EE05-0AE3FA53BDE7}"
EndProject
Global
	GlobalSection(SolutionConfigurationPlatforms) = preSolution
		Debug|Any CPU = Debug|Any CPU
		Release|Any CPU = Release|Any CPU
	EndGlobalSection
	GlobalSection(ProjectConfigurationPlatforms) = postSolution
		{78EB42CC-0691-EED1-EE05-0AE3FA53BDE7}.Debug|Any CPU.ActiveCfg = Debug|Any CPU
		{78EB42CC-0691-EED1-EE05-0AE3FA53BDE7}.Debug|Any CPU.Build.0 = Debug|Any CPU
		{78EB42CC-0691-EED1-EE05-0AE3FA53BDE7}.Release|Any CPU.ActiveCfg = Release|Any CPU
		{78EB42CC-0691-EED1-EE05-0AE3FA53BDE7}.Release|Any CPU.Build.0 = Release|Any CPU
	EndGlobalSection
	GlobalSection(SolutionProperties) = preSolution
		HideSolutionNode = FALSE
	EndGlobalSection
	GlobalSection(ExtensibilityGlobals) = postSolution
		SolutionGuid = {1C80DF9C-9F65-4B86-8094-79D7D0CC9DDE}
	EndGlobalSection
EndGlobal
