
Microsoft Visual Studio Solution File, Format Version 12.00
# Visual Studio Version 17
VisualStudioVersion = 17.5.2.0
MinimumVisualStudioVersion = 10.0.40219.1
Project("{FAE04EC0-301F-11D3-BF4B-00C04F79EFBC}") = "1436.영화감독_숌_C#", "1436.영화감독_숌_C#\1436.영화감독_숌_C#.csproj", "{6EECDD32-0A62-4EFF-72EE-32CFF13F1B65}"
EndProject
Global
	GlobalSection(SolutionConfigurationPlatforms) = preSolution
		Debug|Any CPU = Debug|Any CPU
		Release|Any CPU = Release|Any CPU
	EndGlobalSection
	GlobalSection(ProjectConfigurationPlatforms) = postSolution
		{6EECDD32-0A62-4EFF-72EE-32CFF13F1B65}.Debug|Any CPU.ActiveCfg = Debug|Any CPU
		{6EECDD32-0A62-4EFF-72EE-32CFF13F1B65}.Debug|Any CPU.Build.0 = Debug|Any CPU
		{6EECDD32-0A62-4EFF-72EE-32CFF13F1B65}.Release|Any CPU.ActiveCfg = Release|Any CPU
		{6EECDD32-0A62-4EFF-72EE-32CFF13F1B65}.Release|Any CPU.Build.0 = Release|Any CPU
	EndGlobalSection
	GlobalSection(SolutionProperties) = preSolution
		HideSolutionNode = FALSE
	EndGlobalSection
	GlobalSection(ExtensibilityGlobals) = postSolution
		SolutionGuid = {2A81B150-51C3-4E2A-A19D-9781CE2878F0}
	EndGlobalSection
EndGlobal
