
Microsoft Visual Studio Solution File, Format Version 12.00
# Visual Studio Version 17
VisualStudioVersion = 17.5.2.0
MinimumVisualStudioVersion = 10.0.40219.1
Project("{FAE04EC0-301F-11D3-BF4B-00C04F79EFBC}") = "9461.파도반_수열_C#", "9461.파도반_수열_C#\9461.파도반_수열_C#.csproj", "{EF124236-ABA3-C87D-D500-50AC78276BB6}"
EndProject
Global
	GlobalSection(SolutionConfigurationPlatforms) = preSolution
		Debug|Any CPU = Debug|Any CPU
		Release|Any CPU = Release|Any CPU
	EndGlobalSection
	GlobalSection(ProjectConfigurationPlatforms) = postSolution
		{EF124236-ABA3-C87D-D500-50AC78276BB6}.Debug|Any CPU.ActiveCfg = Debug|Any CPU
		{EF124236-ABA3-C87D-D500-50AC78276BB6}.Debug|Any CPU.Build.0 = Debug|Any CPU
		{EF124236-ABA3-C87D-D500-50AC78276BB6}.Release|Any CPU.ActiveCfg = Release|Any CPU
		{EF124236-ABA3-C87D-D500-50AC78276BB6}.Release|Any CPU.Build.0 = Release|Any CPU
	EndGlobalSection
	GlobalSection(SolutionProperties) = preSolution
		HideSolutionNode = FALSE
	EndGlobalSection
	GlobalSection(ExtensibilityGlobals) = postSolution
		SolutionGuid = {0EE7132C-8922-4286-AC2F-3C9707DA0485}
	EndGlobalSection
EndGlobal
