
Microsoft Visual Studio Solution File, Format Version 12.00
# Visual Studio Version 17
VisualStudioVersion = 17.5.2.0
MinimumVisualStudioVersion = 10.0.40219.1
Project("{FAE04EC0-301F-11D3-BF4B-00C04F79EFBC}") = "11047.동전_0_C#", "11047.동전_0_C#\11047.동전_0_C#.csproj", "{EAE31030-FE61-6441-F3BC-F314F78BE807}"
EndProject
Global
	GlobalSection(SolutionConfigurationPlatforms) = preSolution
		Debug|Any CPU = Debug|Any CPU
		Release|Any CPU = Release|Any CPU
	EndGlobalSection
	GlobalSection(ProjectConfigurationPlatforms) = postSolution
		{EAE31030-FE61-6441-F3BC-F314F78BE807}.Debug|Any CPU.ActiveCfg = Debug|Any CPU
		{EAE31030-FE61-6441-F3BC-F314F78BE807}.Debug|Any CPU.Build.0 = Debug|Any CPU
		{EAE31030-FE61-6441-F3BC-F314F78BE807}.Release|Any CPU.ActiveCfg = Release|Any CPU
		{EAE31030-FE61-6441-F3BC-F314F78BE807}.Release|Any CPU.Build.0 = Release|Any CPU
	EndGlobalSection
	GlobalSection(SolutionProperties) = preSolution
		HideSolutionNode = FALSE
	EndGlobalSection
	GlobalSection(ExtensibilityGlobals) = postSolution
		SolutionGuid = {EE1DE75F-D038-427E-AAE1-010A9EEC6E58}
	EndGlobalSection
EndGlobal
