
Microsoft Visual Studio Solution File, Format Version 12.00
# Visual Studio Version 17
VisualStudioVersion = 17.5.2.0
MinimumVisualStudioVersion = 10.0.40219.1
Project("{FAE04EC0-301F-11D3-BF4B-00C04F79EFBC}") = "9375.패션왕_신해빈_C#", "9375.패션왕_신해빈_C#\9375.패션왕_신해빈_C#.csproj", "{7C884B2A-75FB-DD8A-E8CB-4FEE5001A1A7}"
EndProject
Global
	GlobalSection(SolutionConfigurationPlatforms) = preSolution
		Debug|Any CPU = Debug|Any CPU
		Release|Any CPU = Release|Any CPU
	EndGlobalSection
	GlobalSection(ProjectConfigurationPlatforms) = postSolution
		{7C884B2A-75FB-DD8A-E8CB-4FEE5001A1A7}.Debug|Any CPU.ActiveCfg = Debug|Any CPU
		{7C884B2A-75FB-DD8A-E8CB-4FEE5001A1A7}.Debug|Any CPU.Build.0 = Debug|Any CPU
		{7C884B2A-75FB-DD8A-E8CB-4FEE5001A1A7}.Release|Any CPU.ActiveCfg = Release|Any CPU
		{7C884B2A-75FB-DD8A-E8CB-4FEE5001A1A7}.Release|Any CPU.Build.0 = Release|Any CPU
	EndGlobalSection
	GlobalSection(SolutionProperties) = preSolution
		HideSolutionNode = FALSE
	EndGlobalSection
	GlobalSection(ExtensibilityGlobals) = postSolution
		SolutionGuid = {046DADF2-9572-47EF-A306-F3189ADCE10D}
	EndGlobalSection
EndGlobal
