
Microsoft Visual Studio Solution File, Format Version 12.00
# Visual Studio Version 17
VisualStudioVersion = 17.5.2.0
MinimumVisualStudioVersion = 10.0.40219.1
Project("{FAE04EC0-301F-11D3-BF4B-00C04F79EFBC}") = "11651.좌표_정렬하기_2_C#", "11651.좌표_정렬하기_2_C#\11651.좌표_정렬하기_2_C#.csproj", "{7DAD5987-2839-2E20-ABCB-ED1B0C9819EE}"
EndProject
Global
	GlobalSection(SolutionConfigurationPlatforms) = preSolution
		Debug|Any CPU = Debug|Any CPU
		Release|Any CPU = Release|Any CPU
	EndGlobalSection
	GlobalSection(ProjectConfigurationPlatforms) = postSolution
		{7DAD5987-2839-2E20-ABCB-ED1B0C9819EE}.Debug|Any CPU.ActiveCfg = Debug|Any CPU
		{7DAD5987-2839-2E20-ABCB-ED1B0C9819EE}.Debug|Any CPU.Build.0 = Debug|Any CPU
		{7DAD5987-2839-2E20-ABCB-ED1B0C9819EE}.Release|Any CPU.ActiveCfg = Release|Any CPU
		{7DAD5987-2839-2E20-ABCB-ED1B0C9819EE}.Release|Any CPU.Build.0 = Release|Any CPU
	EndGlobalSection
	GlobalSection(SolutionProperties) = preSolution
		HideSolutionNode = FALSE
	EndGlobalSection
	GlobalSection(ExtensibilityGlobals) = postSolution
		SolutionGuid = {35C23934-0F57-4324-86C7-FC254A285C54}
	EndGlobalSection
EndGlobal
