
Microsoft Visual Studio Solution File, Format Version 12.00
# Visual Studio Version 17
VisualStudioVersion = 17.5.2.0
MinimumVisualStudioVersion = 10.0.40219.1
Project("{FAE04EC0-301F-11D3-BF4B-00C04F79EFBC}") = "2739.구구단", "2739.구구단\2739.구구단.csproj", "{194C2FEC-957D-D246-A962-C7A27833BB5C}"
EndProject
Global
	GlobalSection(SolutionConfigurationPlatforms) = preSolution
		Debug|Any CPU = Debug|Any CPU
		Release|Any CPU = Release|Any CPU
	EndGlobalSection
	GlobalSection(ProjectConfigurationPlatforms) = postSolution
		{194C2FEC-957D-D246-A962-C7A27833BB5C}.Debug|Any CPU.ActiveCfg = Debug|Any CPU
		{194C2FEC-957D-D246-A962-C7A27833BB5C}.Debug|Any CPU.Build.0 = Debug|Any CPU
		{194C2FEC-957D-D246-A962-C7A27833BB5C}.Release|Any CPU.ActiveCfg = Release|Any CPU
		{194C2FEC-957D-D246-A962-C7A27833BB5C}.Release|Any CPU.Build.0 = Release|Any CPU
	EndGlobalSection
	GlobalSection(SolutionProperties) = preSolution
		HideSolutionNode = FALSE
	EndGlobalSection
	GlobalSection(ExtensibilityGlobals) = postSolution
		SolutionGuid = {CD01BF33-96DD-48BC-9EF6-D46F362ADDFC}
	EndGlobalSection
EndGlobal
