Microsoft Visual Studio Solution File, Format Version 12.00
# Visual Studio Version 17
VisualStudioVersion = 17.5.2.0
MinimumVisualStudioVersion = 10.0.40219.1
Project("{FAE04EC0-301F-11D3-BF4B-00C04F79EFBC}") = "28702.FizzBuzz_C#", "28702.FizzBuzz_C#\28702.FizzBuzz_C#.csproj", "{13E48B0B-8F86-0EB7-F1DA-6F19FC57FBC7}"
EndProject
Global
	GlobalSection(SolutionConfigurationPlatforms) = preSolution
		Debug|Any CPU = Debug|Any CPU
		Release|Any CPU = Release|Any CPU
	EndGlobalSection
	GlobalSection(ProjectConfigurationPlatforms) = postSolution
		{13E48B0B-8F86-0EB7-F1DA-6F19FC57FBC7}.Debug|Any CPU.ActiveCfg = Debug|Any CPU
		{13E48B0B-8F86-0EB7-F1DA-6F19FC57FBC7}.Debug|Any CPU.Build.0 = Debug|Any CPU
		{13E48B0B-8F86-0EB7-F1DA-6F19FC57FBC7}.Release|Any CPU.ActiveCfg = Release|Any CPU
		{13E48B0B-8F86-0EB7-F1DA-6F19FC57FBC7}.Release|Any CPU.Build.0 = Release|Any CPU
	EndGlobalSection
	GlobalSection(SolutionProperties) = preSolution
		HideSolutionNode = FALSE
	EndGlobalSection
	GlobalSection(ExtensibilityGlobals) = postSolution
		SolutionGuid = {4CBD4DD0-BF4C-481E-BC3D-21195A2BF2DD}
	EndGlobalSection
EndGlobal
