
Microsoft Visual Studio Solution File, Format Version 12.00
# Visual Studio Version 17
VisualStudioVersion = 17.5.2.0
MinimumVisualStudioVersion = 10.0.40219.1
Project("{FAE04EC0-301F-11D3-BF4B-00C04F79EFBC}") = "1330.두_수_비교하기", "1330.두_수_비교하기\1330.두_수_비교하기.csproj", "{B5508FBC-F3EC-8474-BC1D-A4EA85AD9911}"
EndProject
Global
	GlobalSection(SolutionConfigurationPlatforms) = preSolution
		Debug|Any CPU = Debug|Any CPU
		Release|Any CPU = Release|Any CPU
	EndGlobalSection
	GlobalSection(ProjectConfigurationPlatforms) = postSolution
		{B5508FBC-F3EC-8474-BC1D-A4EA85AD9911}.Debug|Any CPU.ActiveCfg = Debug|Any CPU
		{B5508FBC-F3EC-8474-BC1D-A4EA85AD9911}.Debug|Any CPU.Build.0 = Debug|Any CPU
		{B5508FBC-F3EC-8474-BC1D-A4EA85AD9911}.Release|Any CPU.ActiveCfg = Release|Any CPU
		{B5508FBC-F3EC-8474-BC1D-A4EA85AD9911}.Release|Any CPU.Build.0 = Release|Any CPU
	EndGlobalSection
	GlobalSection(SolutionProperties) = preSolution
		HideSolutionNode = FALSE
	EndGlobalSection
	GlobalSection(ExtensibilityGlobals) = postSolution
		SolutionGuid = {94ADC200-66B6-470D-AFBA-BD374215632C}
	EndGlobalSection
EndGlobal
