
Microsoft Visual Studio Solution File, Format Version 12.00
# Visual Studio Version 17
VisualStudioVersion = 17.5.2.0
MinimumVisualStudioVersion = 10.0.40219.1
Project("{FAE04EC0-301F-11D3-BF4B-00C04F79EFBC}") = "1931.회의실_배정_C#", "1931.회의실_배정_C#.csproj", "{10A6635B-4EEE-DFD4-EB31-D05FA6188A50}"
EndProject
Global
	GlobalSection(SolutionConfigurationPlatforms) = preSolution
		Debug|Any CPU = Debug|Any CPU
		Release|Any CPU = Release|Any CPU
	EndGlobalSection
	GlobalSection(ProjectConfigurationPlatforms) = postSolution
		{10A6635B-4EEE-DFD4-EB31-D05FA6188A50}.Debug|Any CPU.ActiveCfg = Debug|Any CPU
		{10A6635B-4EEE-DFD4-EB31-D05FA6188A50}.Debug|Any CPU.Build.0 = Debug|Any CPU
		{10A6635B-4EEE-DFD4-EB31-D05FA6188A50}.Release|Any CPU.ActiveCfg = Release|Any CPU
		{10A6635B-4EEE-DFD4-EB31-D05FA6188A50}.Release|Any CPU.Build.0 = Release|Any CPU
	EndGlobalSection
	GlobalSection(SolutionProperties) = preSolution
		HideSolutionNode = FALSE
	EndGlobalSection
	GlobalSection(ExtensibilityGlobals) = postSolution
		SolutionGuid = {0D2A141D-DAB0-4D1C-93B7-65052F60B573}
	EndGlobalSection
EndGlobal
