
Microsoft Visual Studio Solution File, Format Version 12.00
# Visual Studio Version 17
VisualStudioVersion = 17.5.2.0
MinimumVisualStudioVersion = 10.0.40219.1
Project("{FAE04EC0-301F-11D3-BF4B-00C04F79EFBC}") = "1676.팩토리얼_0의_개수_C#", "1676.팩토리얼_0의_개수_C#\1676.팩토리얼_0의_개수_C#.csproj", "{676963E6-B14E-DA67-8B83-C210B1FD79ED}"
EndProject
Global
	GlobalSection(SolutionConfigurationPlatforms) = preSolution
		Debug|Any CPU = Debug|Any CPU
		Release|Any CPU = Release|Any CPU
	EndGlobalSection
	GlobalSection(ProjectConfigurationPlatforms) = postSolution
		{676963E6-B14E-DA67-8B83-C210B1FD79ED}.Debug|Any CPU.ActiveCfg = Debug|Any CPU
		{676963E6-B14E-DA67-8B83-C210B1FD79ED}.Debug|Any CPU.Build.0 = Debug|Any CPU
		{676963E6-B14E-DA67-8B83-C210B1FD79ED}.Release|Any CPU.ActiveCfg = Release|Any CPU
		{676963E6-B14E-DA67-8B83-C210B1FD79ED}.Release|Any CPU.Build.0 = Release|Any CPU
	EndGlobalSection
	GlobalSection(SolutionProperties) = preSolution
		HideSolutionNode = FALSE
	EndGlobalSection
	GlobalSection(ExtensibilityGlobals) = postSolution
		SolutionGuid = {1361A3A5-D8CD-481A-84F6-2A0699A004FB}
	EndGlobalSection
EndGlobal
