
Microsoft Visual Studio Solution File, Format Version 12.00
# Visual Studio Version 17
VisualStudioVersion = 17.5.2.0
MinimumVisualStudioVersion = 10.0.40219.1
Project("{FAE04EC0-301F-11D3-BF4B-00C04F79EFBC}") = "2475.검증수_C#", "2475.검증수_C#\2475.검증수_C#.csproj", "{ADF540A7-CE43-DB0E-9594-69B19F7D4AE8}"
EndProject
Global
	GlobalSection(SolutionConfigurationPlatforms) = preSolution
		Debug|Any CPU = Debug|Any CPU
		Release|Any CPU = Release|Any CPU
	EndGlobalSection
	GlobalSection(ProjectConfigurationPlatforms) = postSolution
		{ADF540A7-CE43-DB0E-9594-69B19F7D4AE8}.Debug|Any CPU.ActiveCfg = Debug|Any CPU
		{ADF540A7-CE43-DB0E-9594-69B19F7D4AE8}.Debug|Any CPU.Build.0 = Debug|Any CPU
		{ADF540A7-CE43-DB0E-9594-69B19F7D4AE8}.Release|Any CPU.ActiveCfg = Release|Any CPU
		{ADF540A7-CE43-DB0E-9594-69B19F7D4AE8}.Release|Any CPU.Build.0 = Release|Any CPU
	EndGlobalSection
	GlobalSection(SolutionProperties) = preSolution
		HideSolutionNode = FALSE
	EndGlobalSection
	GlobalSection(ExtensibilityGlobals) = postSolution
		SolutionGuid = {1A07452D-19D5-4BDA-9068-81BF16531F0C}
	EndGlobalSection
EndGlobal
