
Microsoft Visual Studio Solution File, Format Version 12.00
# Visual Studio Version 17
VisualStudioVersion = 17.5.2.0
MinimumVisualStudioVersion = 10.0.40219.1
Project("{FAE04EC0-301F-11D3-BF4B-00C04F79EFBC}") = "2438.별_찍기_-_1", "2438.별_찍기_-_1\2438.별_찍기_-_1.csproj", "{17403FB5-2008-278F-E398-C077381FE4D8}"
EndProject
Global
	GlobalSection(SolutionConfigurationPlatforms) = preSolution
		Debug|Any CPU = Debug|Any CPU
		Release|Any CPU = Release|Any CPU
	EndGlobalSection
	GlobalSection(ProjectConfigurationPlatforms) = postSolution
		{17403FB5-2008-278F-E398-C077381FE4D8}.Debug|Any CPU.ActiveCfg = Debug|Any CPU
		{17403FB5-2008-278F-E398-C077381FE4D8}.Debug|Any CPU.Build.0 = Debug|Any CPU
		{17403FB5-2008-278F-E398-C077381FE4D8}.Release|Any CPU.ActiveCfg = Release|Any CPU
		{17403FB5-2008-278F-E398-C077381FE4D8}.Release|Any CPU.Build.0 = Release|Any CPU
	EndGlobalSection
	GlobalSection(SolutionProperties) = preSolution
		HideSolutionNode = FALSE
	EndGlobalSection
	GlobalSection(ExtensibilityGlobals) = postSolution
		SolutionGuid = {4ECAE46A-8D03-4DD4-A697-1A9EDEFD5601}
	EndGlobalSection
EndGlobal
