
Microsoft Visual Studio Solution File, Format Version 12.00
# Visual Studio Version 17
VisualStudioVersion = 17.5.2.0
MinimumVisualStudioVersion = 10.0.40219.1
Project("{FAE04EC0-301F-11D3-BF4B-00C04F79EFBC}") = "1978.소수_찾기_C#", "1978.소수_찾기_C#\1978.소수_찾기_C#.csproj", "{98E0166B-18F1-631E-57A3-58E29D06BB41}"
EndProject
Global
	GlobalSection(SolutionConfigurationPlatforms) = preSolution
		Debug|Any CPU = Debug|Any CPU
		Release|Any CPU = Release|Any CPU
	EndGlobalSection
	GlobalSection(ProjectConfigurationPlatforms) = postSolution
		{98E0166B-18F1-631E-57A3-58E29D06BB41}.Debug|Any CPU.ActiveCfg = Debug|Any CPU
		{98E0166B-18F1-631E-57A3-58E29D06BB41}.Debug|Any CPU.Build.0 = Debug|Any CPU
		{98E0166B-18F1-631E-57A3-58E29D06BB41}.Release|Any CPU.ActiveCfg = Release|Any CPU
		{98E0166B-18F1-631E-57A3-58E29D06BB41}.Release|Any CPU.Build.0 = Release|Any CPU
	EndGlobalSection
	GlobalSection(SolutionProperties) = preSolution
		HideSolutionNode = FALSE
	EndGlobalSection
	GlobalSection(ExtensibilityGlobals) = postSolution
		SolutionGuid = {96DB1BA2-BC50-437E-A12B-303D47C0E920}
	EndGlobalSection
EndGlobal
