
Microsoft Visual Studio Solution File, Format Version 12.00
# Visual Studio Version 17
VisualStudioVersion = 17.5.2.0
MinimumVisualStudioVersion = 10.0.40219.1
Project("{FAE04EC0-301F-11D3-BF4B-00C04F79EFBC}") = "1018.체스판_다시_칠하기_C#", "1018.체스판_다시_칠하기_C#\1018.체스판_다시_칠하기_C#.csproj", "{6CCF3417-480A-0A4D-5DC9-664E96B43C2C}"
EndProject
Global
	GlobalSection(SolutionConfigurationPlatforms) = preSolution
		Debug|Any CPU = Debug|Any CPU
		Release|Any CPU = Release|Any CPU
	EndGlobalSection
	GlobalSection(ProjectConfigurationPlatforms) = postSolution
		{6CCF3417-480A-0A4D-5DC9-664E96B43C2C}.Debug|Any CPU.ActiveCfg = Debug|Any CPU
		{6CCF3417-480A-0A4D-5DC9-664E96B43C2C}.Debug|Any CPU.Build.0 = Debug|Any CPU
		{6CCF3417-480A-0A4D-5DC9-664E96B43C2C}.Release|Any CPU.ActiveCfg = Release|Any CPU
		{6CCF3417-480A-0A4D-5DC9-664E96B43C2C}.Release|Any CPU.Build.0 = Release|Any CPU
	EndGlobalSection
	GlobalSection(SolutionProperties) = preSolution
		HideSolutionNode = FALSE
	EndGlobalSection
	GlobalSection(ExtensibilityGlobals) = postSolution
		SolutionGuid = {BBF90F64-B95E-4FA3-85F2-0B689C3BFD23}
	EndGlobalSection
EndGlobal
