
Microsoft Visual Studio Solution File, Format Version 12.00
# Visual Studio Version 17
VisualStudioVersion = 17.5.2.0
MinimumVisualStudioVersion = 10.0.40219.1
Project("{FAE04EC0-301F-11D3-BF4B-00C04F79EFBC}") = "17219.비밀번호_찾기_C#", "17219.비밀번호_찾기_C#\17219.비밀번호_찾기_C#.csproj", "{CFF92711-8D56-1AB1-64F4-5868288036F0}"
EndProject
Global
	GlobalSection(SolutionConfigurationPlatforms) = preSolution
		Debug|Any CPU = Debug|Any CPU
		Release|Any CPU = Release|Any CPU
	EndGlobalSection
	GlobalSection(ProjectConfigurationPlatforms) = postSolution
		{CFF92711-8D56-1AB1-64F4-5868288036F0}.Debug|Any CPU.ActiveCfg = Debug|Any CPU
		{CFF92711-8D56-1AB1-64F4-5868288036F0}.Debug|Any CPU.Build.0 = Debug|Any CPU
		{CFF92711-8D56-1AB1-64F4-5868288036F0}.Release|Any CPU.ActiveCfg = Release|Any CPU
		{CFF92711-8D56-1AB1-64F4-5868288036F0}.Release|Any CPU.Build.0 = Release|Any CPU
	EndGlobalSection
	GlobalSection(SolutionProperties) = preSolution
		HideSolutionNode = FALSE
	EndGlobalSection
	GlobalSection(ExtensibilityGlobals) = postSolution
		SolutionGuid = {E2C4412F-53D1-4378-8C2D-93662E0D15F4}
	EndGlobalSection
EndGlobal
