
Microsoft Visual Studio Solution File, Format Version 12.00
# Visual Studio Version 17
VisualStudioVersion = 17.5.2.0
MinimumVisualStudioVersion = 10.0.40219.1
Project("{FAE04EC0-301F-11D3-BF4B-00C04F79EFBC}") = "10171.고양이_C#", "10171.고양이_C#\10171.고양이_C#.csproj", "{EC1781B2-319B-5FA6-2979-2E87CC461F31}"
EndProject
Global
	GlobalSection(SolutionConfigurationPlatforms) = preSolution
		Debug|Any CPU = Debug|Any CPU
		Release|Any CPU = Release|Any CPU
	EndGlobalSection
	GlobalSection(ProjectConfigurationPlatforms) = postSolution
		{EC1781B2-319B-5FA6-2979-2E87CC461F31}.Debug|Any CPU.ActiveCfg = Debug|Any CPU
		{EC1781B2-319B-5FA6-2979-2E87CC461F31}.Debug|Any CPU.Build.0 = Debug|Any CPU
		{EC1781B2-319B-5FA6-2979-2E87CC461F31}.Release|Any CPU.ActiveCfg = Release|Any CPU
		{EC1781B2-319B-5FA6-2979-2E87CC461F31}.Release|Any CPU.Build.0 = Release|Any CPU
	EndGlobalSection
	GlobalSection(SolutionProperties) = preSolution
		HideSolutionNode = FALSE
	EndGlobalSection
	GlobalSection(ExtensibilityGlobals) = postSolution
		SolutionGuid = {5268E813-2335-4D03-AB4C-B1C00F5A6916}
	EndGlobalSection
EndGlobal
