
Microsoft Visual Studio Solution File, Format Version 12.00
# Visual Studio Version 17
VisualStudioVersion = 17.5.2.0
MinimumVisualStudioVersion = 10.0.40219.1
Project("{FAE04EC0-301F-11D3-BF4B-00C04F79EFBC}") = "2741.N_찍기_C#", "2741.N_찍기_C#\2741.N_찍기_C#.csproj", "{01A4BAFB-53B1-B3FA-4FE3-B74F4446370B}"
EndProject
Global
	GlobalSection(SolutionConfigurationPlatforms) = preSolution
		Debug|Any CPU = Debug|Any CPU
		Release|Any CPU = Release|Any CPU
	EndGlobalSection
	GlobalSection(ProjectConfigurationPlatforms) = postSolution
		{01A4BAFB-53B1-B3FA-4FE3-B74F4446370B}.Debug|Any CPU.ActiveCfg = Debug|Any CPU
		{01A4BAFB-53B1-B3FA-4FE3-B74F4446370B}.Debug|Any CPU.Build.0 = Debug|Any CPU
		{01A4BAFB-53B1-B3FA-4FE3-B74F4446370B}.Release|Any CPU.ActiveCfg = Release|Any CPU
		{01A4BAFB-53B1-B3FA-4FE3-B74F4446370B}.Release|Any CPU.Build.0 = Release|Any CPU
	EndGlobalSection
	GlobalSection(SolutionProperties) = preSolution
		HideSolutionNode = FALSE
	EndGlobalSection
	GlobalSection(ExtensibilityGlobals) = postSolution
		SolutionGuid = {4809F2E3-1FB7-4225-8167-F8FFCDAA155A}
	EndGlobalSection
EndGlobal
