
Microsoft Visual Studio Solution File, Format Version 12.00
# Visual Studio Version 17
VisualStudioVersion = 17.5.2.0
MinimumVisualStudioVersion = 10.0.40219.1
Project("{FAE04EC0-301F-11D3-BF4B-00C04F79EFBC}") = "1927.최소_힙_C#", "1927.최소_힙_C#\1927.최소_힙_C#.csproj", "{71382245-A1F3-F7F1-A3FA-E1A170DCBB2A}"
EndProject
Global
	GlobalSection(SolutionConfigurationPlatforms) = preSolution
		Debug|Any CPU = Debug|Any CPU
		Release|Any CPU = Release|Any CPU
	EndGlobalSection
	GlobalSection(ProjectConfigurationPlatforms) = postSolution
		{71382245-A1F3-F7F1-A3FA-E1A170DCBB2A}.Debug|Any CPU.ActiveCfg = Debug|Any CPU
		{71382245-A1F3-F7F1-A3FA-E1A170DCBB2A}.Debug|Any CPU.Build.0 = Debug|Any CPU
		{71382245-A1F3-F7F1-A3FA-E1A170DCBB2A}.Release|Any CPU.ActiveCfg = Release|Any CPU
		{71382245-A1F3-F7F1-A3FA-E1A170DCBB2A}.Release|Any CPU.Build.0 = Release|Any CPU
	EndGlobalSection
	GlobalSection(SolutionProperties) = preSolution
		HideSolutionNode = FALSE
	EndGlobalSection
	GlobalSection(ExtensibilityGlobals) = postSolution
		SolutionGuid = {64D70AD6-C54A-4EED-B9E3-FD3D1ACA8538}
	EndGlobalSection
EndGlobal
